
Microsoft Visual Studio Solution File, Format Version 12.00
Project("{FAE04EC0-301F-11D3-BF4B-00C04F79EFBC}") = "Zstd.Binaries", "Zstd.Binaries.csproj", "{82976A02-8F11-4140-9626-BE46C40CB904}"
EndProject
Global
	GlobalSection(SolutionConfigurationPlatforms) = preSolution
		Debug|Any CPU = Debug|Any CPU
		Release|Any CPU = Release|Any CPU
	EndGlobalSection
	GlobalSection(ProjectConfigurationPlatforms) = postSolution
		{82976A02-8F11-4140-9626-BE46C40CB904}.Debug|Any CPU.ActiveCfg = Debug|Any CPU
		{82976A02-8F11-4140-9626-BE46C40CB904}.Debug|Any CPU.Build.0 = Debug|Any CPU
		{82976A02-8F11-4140-9626-BE46C40CB904}.Release|Any CPU.ActiveCfg = Release|Any CPU
		{82976A02-8F11-4140-9626-BE46C40CB904}.Release|Any CPU.Build.0 = Release|Any CPU
	EndGlobalSection
EndGlobal
